
Microsoft Visual Studio Solution File, Format Version 12.00
# Visual Studio Version 17
VisualStudioVersion = 17.4.33403.182
MinimumVisualStudioVersion = 10.0.40219.1
Project("{9A19103F-16F7-4668-BE54-9A1E7A4F7556}") = "Homework_ASP", "Homework_ASP\Homework_ASP.csproj", "{7C4E66B6-D634-498E-A76E-AA6EE3969EBD}"
EndProject
Global
	GlobalSection(SolutionConfigurationPlatforms) = preSolution
		Debug|Any CPU = Debug|Any CPU
		Release|Any CPU = Release|Any CPU
	EndGlobalSection
	GlobalSection(ProjectConfigurationPlatforms) = postSolution
		{7C4E66B6-D634-498E-A76E-AA6EE3969EBD}.Debug|Any CPU.ActiveCfg = Debug|Any CPU
		{7C4E66B6-D634-498E-A76E-AA6EE3969EBD}.Debug|Any CPU.Build.0 = Debug|Any CPU
		{7C4E66B6-D634-498E-A76E-AA6EE3969EBD}.Release|Any CPU.ActiveCfg = Release|Any CPU
		{7C4E66B6-D634-498E-A76E-AA6EE3969EBD}.Release|Any CPU.Build.0 = Release|Any CPU
	EndGlobalSection
	GlobalSection(SolutionProperties) = preSolution
		HideSolutionNode = FALSE
	EndGlobalSection
	GlobalSection(ExtensibilityGlobals) = postSolution
		SolutionGuid = {8A6393DD-6DB9-4C0D-90D4-E8FFE212BA31}
	EndGlobalSection
EndGlobal
